GIT
  remote: https://github.com/stadia/federails.git
  revision: f2ef5fbe8a162702968a67bbef4d80b6404984ce
  specs:
    fedipub (0.9.0)
      alba (~> 3.0)
      faraday
      faraday-follow_redirects
      json-ld (>= 3.2.0)
      json-ld-preloaded (>= 3.2.0)
      ostruct (>= 0.6.3)
      pagy (>= 43)
      pundit (>= 2.3.0)
      rails (>= 7.2.0)

GEM
  remote: https://rubygems.org/
  specs:
    action_text-trix (2.1.19)
      railties
    actioncable (8.1.3.1)
      actionpack (= 8.1.3.1)
      activesupport (= 8.1.3.1)
      nio4r (~> 2.0)
      websocket-driver (>= 0.6.1)
      zeitwerk (~> 2.6)
    actionmailbox (8.1.3.1)
      actionpack (= 8.1.3.1)
      activejob (= 8.1.3.1)
      activerecord (= 8.1.3.1)
      activestorage (= 8.1.3.1)
      activesupport (= 8.1.3.1)
      mail (>= 2.8.0)
    actionmailer (8.1.3.1)
      actionpack (= 8.1.3.1)
      actionview (= 8.1.3.1)
      activejob (= 8.1.3.1)
      activesupport (= 8.1.3.1)
      mail (>= 2.8.0)
      rails-dom-testing (~> 2.2)
    actionpack (8.1.3.1)
      actionview (= 8.1.3.1)
      activesupport (= 8.1.3.1)
      nokogiri (>= 1.8.5)
      rack (>= 2.2.4)
      rack-session (>= 1.0.1)
      rack-test (>= 0.6.3)
      rails-dom-testing (~> 2.2)
      rails-html-sanitizer (~> 1.6)
      useragent (~> 0.16)
    actiontext (8.1.3.1)
      action_text-trix (~> 2.1.15)
      actionpack (= 8.1.3.1)
      activerecord (= 8.1.3.1)
      activestorage (= 8.1.3.1)
      activesupport (= 8.1.3.1)
      globalid (>= 0.6.0)
      nokogiri (>= 1.8.5)
    actionview (8.1.3.1)
      activesupport (= 8.1.3.1)
      builder (~> 3.1)
      erubi (~> 1.11)
      rails-dom-testing (~> 2.2)
      rails-html-sanitizer (~> 1.6)
    activejob (8.1.3.1)
      activesupport (= 8.1.3.1)
      globalid (>= 0.3.6)
    activemodel (8.1.3.1)
      activesupport (= 8.1.3.1)
    activerecord (8.1.3.1)
      activemodel (= 8.1.3.1)
      activesupport (= 8.1.3.1)
      timeout (>= 0.4.0)
    activestorage (8.1.3.1)
      actionpack (= 8.1.3.1)
      activejob (= 8.1.3.1)
      activerecord (= 8.1.3.1)
      activesupport (= 8.1.3.1)
      marcel (~> 1.0)
    activesupport (8.1.3.1)
      base64
      bigdecimal
      concurrent-ruby (~> 1.0, >= 1.3.1)
      connection_pool (>= 2.2.5)
      drb
      i18n (>= 1.6, < 2)
      json
      logger (>= 1.4.2)
      minitest (>= 5.1)
      securerandom (>= 0.3)
      tzinfo (~> 2.0, >= 2.0.5)
      uri (>= 0.13.1)
    acts-as-taggable-on (13.0.0)
      activerecord (>= 7.1, < 8.2)
      zeitwerk (>= 2.4, < 3.0)
    addressable (2.9.0)
      public_suffix (>= 2.0.2, < 8.0)
    aes_key_wrap (1.1.0)
    alba (3.11.0)
    amazing_print (2.0.0)
    anonymous_loader (0.1.3)
      version_gem (~> 1.1, >= 1.1.14)
    ast (2.4.3)
    auth-sanitizer (0.2.3)
      version_gem (~> 1.1, >= 1.1.14)
    awesome_nested_set (3.9.0)
      activerecord (>= 4.0.0, < 8.2)
    aws-eventstream (1.4.0)
    aws-partitions (1.1283.0)
    aws-sdk-core (3.254.1)
      aws-eventstream (~> 1, >= 1.3.0)
      aws-partitions (~> 1, >= 1.992.0)
      aws-sigv4 (~> 1.9)
      base64
      bigdecimal
      jmespath (~> 1, >= 1.6.1)
      logger
    aws-sdk-kms (1.130.0)
      aws-sdk-core (~> 3, >= 3.254.0)
      aws-sigv4 (~> 1.5)
    aws-sdk-s3 (1.229.0)
      aws-sdk-core (~> 3, >= 3.254.1)
      aws-sdk-kms (~> 1)
      aws-sigv4 (~> 1.5)
    aws-sigv4 (1.12.1)
      aws-eventstream (~> 1, >= 1.0.2)
    base64 (0.3.0)
    bcp47_spec (0.2.1)
    bcrypt (3.1.22)
    benchmark (0.5.0)
    bigdecimal (4.1.2)
    bindata (3.0.0)
    bindex (0.8.1)
    bootsnap (1.26.0)
      msgpack (~> 1.5)
    brakeman (8.0.6)
      racc
    builder (3.3.0)
    bundler-audit (0.9.3)
      bundler (>= 1.2.0)
      thor (~> 1.0)
    capybara (3.40.0)
      addressable
      matrix
      mini_mime (>= 0.1.3)
      nokogiri (~> 1.11)
      rack (>= 1.6.0)
      rack-test (>= 0.6.3)
      regexp_parser (>= 1.5, < 3.0)
      xpath (~> 3.2)
    childprocess (5.1.0)
      logger (~> 1.5)
    climate_control (1.2.0)
    concurrent-ruby (1.3.8)
    connection_pool (3.0.2)
    crass (1.0.7)
    cruise (0.3.0-aarch64-linux-gnu)
    cruise (0.3.0-arm64-darwin)
    cruise (0.3.0-x86_64-linux-gnu)
    csv (3.3.6)
    date (3.5.1)
    debug (1.11.1)
      irb (~> 1.10)
      reline (>= 0.3.8)
    deepl-rb (3.9.0)
    devise (5.0.4)
      bcrypt (~> 3.0)
      orm_adapter (~> 0.1)
      railties (>= 7.0)
      responders
      warden (~> 1.2.3)
    devise-i18n (1.16.0)
      devise (>= 5.0.0)
      rails-i18n
    devise-jwt (0.13.0)
      devise (>= 4.0.0, < 6.0.0)
      warden-jwt_auth (~> 0.10)
    diff-lcs (1.6.2)
    discard (2.0.0)
      activerecord (>= 7.0, < 9.0)
    discordrb-webhooks (3.8.0)
      rest-client (>= 2.0.0)
    domain_name (0.6.20260829)
    dotenv (3.2.0)
    dotenv-rails (3.2.0)
      dotenv (= 3.2.0)
      railties (>= 6.1)
    drb (2.2.3)
    dry-auto_inject (1.2.1)
      dry-core (~> 1.1)
      zeitwerk (~> 2.6)
    dry-configurable (1.4.0)
      dry-core (~> 1.0)
      zeitwerk (~> 2.6)
    dry-core (1.2.0)
      concurrent-ruby (~> 1.0)
      logger
      zeitwerk (~> 2.6)
    dry-monads (1.10.0)
      concurrent-ruby (~> 1.0)
      dry-core (~> 1.1)
      zeitwerk (~> 2.6)
    dry-operation (1.1.0)
      dry-monads (~> 1.6)
      zeitwerk (~> 2.6)
    erb (6.0.7)
    erubi (1.13.1)
    et-orbi (1.4.2)
      tzinfo
    event_stream_parser (1.0.0)
    faker (3.8.0)
      i18n (>= 1.8.11, < 2)
    faraday (2.14.3)
      faraday-net_http (>= 2.0, < 3.5)
      json
      logger
    faraday-follow_redirects (0.5.0)
      faraday (>= 1, < 3)
    faraday-mashify (1.0.3)
      faraday (~> 2.0)
      hashie
    faraday-multipart (1.2.0)
      multipart-post (~> 2.0)
    faraday-net_http (3.4.4)
      net-http (~> 0.5)
    faraday-retry (2.4.0)
      faraday (~> 2.0)
    ffi (1.17.4-aarch64-linux-gnu)
    ffi (1.17.4-arm64-darwin)
    ffi (1.17.4-x86_64-linux-gnu)
    flog (4.9.4)
      path_expander (~> 2.0)
      prism (~> 1.7)
      sexp_processor (~> 4.8)
    friendly_id (5.7.0)
      activerecord (>= 4.0.0)
    fugit (1.13.0)
      et-orbi (~> 1.4)
      raabro (~> 1.4)
    gli (2.22.2)
      ostruct
    globalid (1.4.0)
      activesupport (>= 6.1)
    google-protobuf (4.36.1-aarch64-linux-gnu)
      bigdecimal
      rake (~> 13.3)
    google-protobuf (4.36.1-arm64-darwin)
      bigdecimal
      rake (~> 13.3)
    google-protobuf (4.36.1-x86_64-linux-gnu)
      bigdecimal
      rake (~> 13.3)
    googleapis-common-protos-types (1.23.0)
      google-protobuf (~> 4.26)
    groupdate (6.8.0)
      activesupport (>= 7.2)
    guess_html_encoding (0.0.11)
    hairtrigger (1.3.1)
      activerecord (>= 6.0, < 9)
      ruby2ruby (~> 2.4)
      ruby_parser (~> 3.10)
    hashie (5.1.0)
      logger
    herb (0.10.3-aarch64-linux-gnu)
    herb (0.10.3-arm64-darwin)
    herb (0.10.3-x86_64-linux-gnu)
    highline (3.1.2)
      reline
    honeybadger (6.9.1)
      logger
      ostruct
    htmlentities (4.4.2)
    http-accept (1.7.0)
    http-cookie (1.1.6)
      domain_name (~> 0.5)
    httparty (0.24.2)
      csv
      mini_mime (>= 1.0.0)
      multi_xml (>= 0.5.2)
    i18n (1.15.2)
      concurrent-ruby (~> 1.0)
    i18n-tasks (1.1.2)
      activesupport (>= 4.0.2)
      ast (>= 2.1.0)
      erubi
      highline (>= 3.0.0)
      i18n
      parser (>= 3.2.2.1)
      prism
      rails-i18n
      rainbow (>= 2.2.2, < 4.0)
      ruby-progressbar (~> 1.8, >= 1.8.1)
      terminal-table (>= 1.5.1)
    image_processing (2.1.0)
    importmap-rails (2.2.3)
      actionpack (>= 6.0.0)
      activesupport (>= 6.0.0)
      railties (>= 6.0.0)
    inkmark (0.1.4-aarch64-linux)
    inkmark (0.1.4-arm64-darwin)
    inkmark (0.1.4-x86_64-linux)
    io-console (0.9.2)
    irb (1.18.0)
      pp (>= 0.6.0)
      prism (>= 1.3.0)
      rdoc (>= 4.0.0)
      reline (>= 0.4.2)
    jbuilder (2.15.1)
      actionview (>= 7.0.0)
      activesupport (>= 7.0.0)
    jmespath (1.6.2)
    json (2.21.2)
    json-canonicalization (1.0.0)
    json-jwt (1.17.2)
      activesupport (>= 4.2)
      aes_key_wrap
      base64
      bindata
      faraday (~> 2.0)
      faraday-follow_redirects
    json-ld (3.3.2)
      htmlentities (~> 4.3)
      json-canonicalization (~> 1.0)
      link_header (~> 0.0, >= 0.0.8)
      multi_json (~> 1.15)
      rack (>= 2.2, < 4)
      rdf (~> 3.3)
      rexml (~> 3.2)
    json-ld-preloaded (3.3.2)
      json-ld (~> 3.3)
      rdf (~> 3.3)
    json-schema (6.2.0)
      addressable (~> 2.8)
      bigdecimal (>= 3.1, < 5)
    jwt (3.2.0)
      base64
    language_server-protocol (3.17.0.6)
    launchy (3.1.1)
      addressable (~> 2.8)
      childprocess (~> 5.0)
      logger (~> 1.6)
    letter_opener (1.10.0)
      launchy (>= 2.2, < 4)
    lexxy (0.9.31)
      rails (>= 8.0.2)
    link_header (0.0.8)
    lint_roller (1.1.0)
    logger (1.7.0)
    loofah (2.25.2)
      crass (~> 1.0.2)
      nokogiri (>= 1.12.0)
    madmin (2.6.0)
      importmap-rails
      pagy (>= 3.5)
      rails (>= 7.0.0)
      stimulus-rails
      turbo-rails
    mail (2.9.1)
      logger
      mini_mime (>= 0.1.1)
      net-imap
      net-pop
      net-smtp
    marcel (1.2.1)
    matrix (0.4.3)
    meta-tags (2.24.0)
      actionpack (>= 6.0.0)
    mime-types (3.7.0)
      logger
      mime-types-data (~> 3.2025, >= 3.2025.0507)
    mime-types-data (3.2026.0701)
    mini_mime (1.1.5)
    minitest (6.0.6)
      drb (~> 2.0)
      prism (~> 1.5)
    minitest-mock (5.27.0)
    mission_control-jobs (1.2.0)
      actioncable (>= 7.1)
      actionpack (>= 7.1)
      activejob (>= 7.1)
      activerecord (>= 7.1)
      importmap-rails (>= 1.2.1)
      irb (~> 1.13)
      railties (>= 7.1)
      stimulus-rails
      turbo-rails
    msgpack (1.8.4)
    multi_json (1.21.1)
    multi_xml (0.9.1)
      bigdecimal (>= 3.1, < 5)
    multipart-post (2.4.1)
    neighbor (1.2.0)
      activerecord (>= 7.2)
    net-http (0.9.1)
      uri (>= 0.11.1)
    net-imap (0.6.6)
      date
      net-protocol
    net-pop (0.1.2)
      net-protocol
    net-protocol (0.3.0)
      timeout
    net-smtp (0.5.1)
      net-protocol
    netrc (0.11.0)
    newrelic_rpm (10.7.1)
      logger
    nio4r (2.7.5)
    nokogiri (1.19.4-aarch64-linux-gnu)
      racc (~> 1.4)
    nokogiri (1.19.4-arm64-darwin)
      racc (~> 1.4)
    nokogiri (1.19.4-x86_64-linux-gnu)
      racc (~> 1.4)
    oauth2 (2.0.25)
      anonymous_loader (~> 0.1, >= 0.1.3)
      auth-sanitizer (~> 0.2, >= 0.2.3)
      faraday (>= 0.17.3, < 4.0)
      jwt (>= 1.0, < 4.0)
      logger (~> 1.2)
      multi_xml (~> 0.5)
      rack (>= 1.2, < 4)
      snaky_hash (~> 2.0, >= 2.0.7)
      version_gem (~> 1.1, >= 1.1.14)
    oj (3.17.6)
      bigdecimal (>= 3.0)
      ostruct (>= 0.2)
    omniauth (2.1.4)
      hashie (>= 3.4.6)
      logger
      rack (>= 2.2.3)
      rack-protection
    omniauth-apple (1.4.0)
      json-jwt
      omniauth-oauth2
    omniauth-github (2.0.1)
      omniauth (~> 2.0)
      omniauth-oauth2 (~> 1.8)
    omniauth-google-oauth2 (1.2.3)
      jwt (>= 2.9.2, < 4)
      oauth2 (~> 2.0)
      omniauth (~> 2.0)
      omniauth-oauth2 (~> 1.8)
    omniauth-oauth2 (1.9.0)
      oauth2 (>= 2.0.2, < 3)
      omniauth (~> 2.0)
    omniauth-rails_csrf_protection (2.0.1)
      actionpack (>= 4.2)
      omniauth (~> 2.0)
    openssl (4.0.2)
    opentelemetry-api (1.11.0)
      logger
    opentelemetry-common (0.25.1)
      opentelemetry-api (~> 1.0)
    opentelemetry-exporter-otlp (0.35.1)
      google-protobuf (>= 3.18)
      googleapis-common-protos-types (~> 1.3)
      opentelemetry-api (~> 1.1)
      opentelemetry-common (~> 0.20)
      opentelemetry-sdk (~> 1.10)
      opentelemetry-semantic_conventions
    opentelemetry-exporter-otlp-logs (0.5.1)
      google-protobuf (>= 3.18)
      googleapis-common-protos-types (~> 1.3)
      opentelemetry-api (~> 1.1)
      opentelemetry-common (~> 0.20)
      opentelemetry-logs-api (~> 0.1)
      opentelemetry-logs-sdk (~> 0.1)
      opentelemetry-sdk
      opentelemetry-semantic_conventions
    opentelemetry-helpers-sql (0.4.0)
      opentelemetry-api (~> 1.7)
    opentelemetry-helpers-sql-processor (0.5.0)
      opentelemetry-api (~> 1.0)
      opentelemetry-common (~> 0.21)
    opentelemetry-instrumentation-action_mailer (0.8.1)
      opentelemetry-instrumentation-active_support (~> 0.10)
    opentelemetry-instrumentation-action_pack (0.18.1)
      opentelemetry-instrumentation-rack (~> 0.29)
    opentelemetry-instrumentation-action_view (0.13.0)
      opentelemetry-instrumentation-active_support (~> 0.10)
    opentelemetry-instrumentation-active_job (0.13.0)
      opentelemetry-instrumentation-base (~> 0.25)
    opentelemetry-instrumentation-active_record (0.13.0)
      opentelemetry-instrumentation-base (~> 0.25)
    opentelemetry-instrumentation-active_storage (0.5.1)
      opentelemetry-instrumentation-active_support (~> 0.10)
    opentelemetry-instrumentation-active_support (0.12.1)
      opentelemetry-instrumentation-base (~> 0.25)
    opentelemetry-instrumentation-aws_sdk (0.13.0)
      opentelemetry-instrumentation-base (~> 0.25)
    opentelemetry-instrumentation-base (0.26.1)
      opentelemetry-api (~> 1.7)
      opentelemetry-common (~> 0.21)
      opentelemetry-registry (~> 0.1)
    opentelemetry-instrumentation-concurrent_ruby (0.25.0)
      opentelemetry-instrumentation-base (~> 0.25)
    opentelemetry-instrumentation-faraday (0.33.0)
      opentelemetry-instrumentation-base (~> 0.25)
    opentelemetry-instrumentation-grpc (0.5.2)
      opentelemetry-instrumentation-base (~> 0.25)
    opentelemetry-instrumentation-net_http (0.29.0)
      opentelemetry-instrumentation-base (~> 0.25)
    opentelemetry-instrumentation-pg (0.37.0)
      opentelemetry-helpers-sql
      opentelemetry-helpers-sql-processor
      opentelemetry-instrumentation-base (~> 0.25)
    opentelemetry-instrumentation-rack (0.31.1)
      opentelemetry-instrumentation-base (~> 0.25)
    opentelemetry-instrumentation-rails (0.42.0)
      opentelemetry-instrumentation-action_mailer (~> 0.7)
      opentelemetry-instrumentation-action_pack (~> 0.17)
      opentelemetry-instrumentation-action_view (~> 0.12)
      opentelemetry-instrumentation-active_job (~> 0.11)
      opentelemetry-instrumentation-active_record (~> 0.12)
      opentelemetry-instrumentation-active_storage (~> 0.4)
      opentelemetry-instrumentation-active_support (~> 0.11)
      opentelemetry-instrumentation-concurrent_ruby (~> 0.25)
    opentelemetry-instrumentation-rake (0.6.0)
      opentelemetry-instrumentation-base (~> 0.25)
    opentelemetry-instrumentation-ruby_llm (0.7.1)
      opentelemetry-api (~> 1.0)
      opentelemetry-instrumentation-base (~> 0.23)
    opentelemetry-logs-api (0.4.1)
      opentelemetry-api (~> 1.0)
    opentelemetry-logs-sdk (0.6.1)
      opentelemetry-api (~> 1.2)
      opentelemetry-logs-api (~> 0.1)
      opentelemetry-sdk (~> 1.3)
    opentelemetry-registry (0.6.3)
      opentelemetry-api (~> 1.1)
    opentelemetry-sdk (1.13.0)
      logger
      opentelemetry-api (~> 1.1)
      opentelemetry-common (~> 0.20)
      opentelemetry-registry (~> 0.2)
      opentelemetry-semantic_conventions
    opentelemetry-semantic_conventions (1.44.0)
      opentelemetry-api (~> 1.0)
    orm_adapter (0.5.0)
    ostruct (0.6.3)
    pagy (43.6.2)
      json
      uri
      yaml
    parallel (2.1.0)
    parser (3.3.12.0)
      ast (~> 2.4.1)
      racc
    path_expander (2.0.1)
    pg (1.6.3-aarch64-linux)
    pg (1.6.3-arm64-darwin)
    pg (1.6.3-x86_64-linux)
    pg_query (6.2.2)
      google-protobuf (>= 3.25.3)
    pg_search (2.3.8)
      activerecord (>= 7.2)
      activesupport (>= 7.2)
    phlex (2.4.1)
      refract (~> 1.0)
      zeitwerk (~> 2.7)
    phlex-icons (2.56.0)
      phlex (>= 1.11)
    phlex-rails (2.4.0)
      phlex (~> 2.4.0)
      railties (>= 7.1, < 9)
      zeitwerk (~> 2.7)
    pp (0.6.4)
      prettyprint
    prettyprint (0.2.0)
    prism (1.9.0)
    propshaft (1.3.2)
      actionpack (>= 7.0.0)
      activesupport (>= 7.0.0)
      rack
    prosopite (2.2.0)
    public_suffix (7.0.5)
    puma (8.0.2)
      nio4r (~> 2.0)
    pundit (2.5.2)
      activesupport (>= 3.0.0)
    raabro (1.5.0)
    racc (1.8.1)
    rack (3.2.7)
    rack-cors (3.0.0)
      logger
      rack (>= 3.0.14)
    rack-protection (4.2.1)
      base64 (>= 0.1.0)
      logger (>= 1.6.0)
      rack (>= 3.0.0, < 4)
    rack-session (2.1.2)
      base64 (>= 0.1.0)
      rack (>= 3.0.0)
    rack-test (2.2.0)
      rack (>= 1.3)
    rackup (2.3.1)
      rack (>= 3)
    rails (8.1.3.1)
      actioncable (= 8.1.3.1)
      actionmailbox (= 8.1.3.1)
      actionmailer (= 8.1.3.1)
      actionpack (= 8.1.3.1)
      actiontext (= 8.1.3.1)
      actionview (= 8.1.3.1)
      activejob (= 8.1.3.1)
      activemodel (= 8.1.3.1)
      activerecord (= 8.1.3.1)
      activestorage (= 8.1.3.1)
      activesupport (= 8.1.3.1)
      bundler (>= 1.15.0)
      railties (= 8.1.3.1)
    rails-dom-testing (2.3.0)
      activesupport (>= 5.0.0)
      minitest
      nokogiri (>= 1.6)
    rails-html-sanitizer (1.7.1)
      loofah (~> 2.25, >= 2.25.2)
      nokogiri (>= 1.15.7, != 1.16.7, != 1.16.6, != 1.16.5, != 1.16.4, != 1.16.3, != 1.16.2, != 1.16.1, != 1.16.0.rc1, != 1.16.0)
    rails-i18n (8.1.0)
      i18n (>= 0.7, < 2)
      railties (>= 8.0.0, < 9)
    rails_semantic_logger (5.1.0)
      rack
      railties (>= 7.2)
      semantic_logger (>= 5.1)
    railties (8.1.3.1)
      actionpack (= 8.1.3.1)
      activesupport (= 8.1.3.1)
      irb (~> 1.13)
      rackup (>= 1.0.0)
      rake (>= 12.2)
      thor (~> 1.0, >= 1.2.2)
      tsort (>= 0.2)
      zeitwerk (~> 2.6)
    rainbow (3.1.1)
    rake (13.4.2)
    rbi (0.4.3)
      prism (~> 1.0)
      rbs (>= 4.0.1)
    rbs (4.2.0)
      logger
      prism (>= 1.6.0)
      tsort
    rbs-inline (0.14.0)
      prism (>= 0.29)
      rbs (~> 4.0)
    rdf (3.3.1)
      bcp47_spec (~> 0.2)
      link_header (~> 0.0, >= 0.0.8)
    rdoc (8.0.0)
      erb
      prism (>= 1.6.0)
      rbs (>= 4.0.0)
      tsort
    reactionview (0.4.0)
      actionview (>= 7.0)
      cruise
      herb (>= 0.10.0, < 0.11.0)
    refract (1.1.0)
      prism
      zeitwerk
    regexp_parser (2.12.0)
    reline (0.7.0)
      io-console (~> 0.5)
    require-hooks (0.5.1)
    resend (1.13.0)
      base64
      httparty (>= 0.22.0)
    responders (3.2.1)
      actionpack (>= 7.0)
      railties (>= 7.0)
    rest-client (2.1.0)
      http-accept (>= 1.7.0, < 2.0)
      http-cookie (>= 1.0.2, < 2.0)
      mime-types (>= 1.16, < 4.0)
      netrc (~> 0.8)
    rexml (3.4.4)
    rspec-core (3.13.6)
      rspec-support (~> 3.13.0)
    rspec-expectations (3.13.5)
      diff-lcs (>= 1.2.0, < 2.0)
      rspec-support (~> 3.13.0)
    rspec-mocks (3.13.8)
      diff-lcs (>= 1.2.0, < 2.0)
      rspec-support (~> 3.13.0)
    rspec-rails (8.0.4)
      actionpack (>= 7.2)
      activesupport (>= 7.2)
      railties (>= 7.2)
      rspec-core (>= 3.13.0, < 5.0.0)
      rspec-expectations (>= 3.13.0, < 5.0.0)
      rspec-mocks (>= 3.13.0, < 5.0.0)
      rspec-support (>= 3.13.0, < 5.0.0)
    rspec-support (3.13.7)
    rss (0.3.3)
      rexml
    rswag-api (2.17.0)
      activesupport (>= 5.2, < 8.2)
      railties (>= 5.2, < 8.2)
    rswag-specs (2.17.0)
      activesupport (>= 5.2, < 8.2)
      json-schema (>= 2.2, < 7.0)
      railties (>= 5.2, < 8.2)
      rspec-core (>= 2.14)
    rswag-ui (2.17.0)
      actionpack (>= 5.2, < 8.2)
      railties (>= 5.2, < 8.2)
    rubocop (1.90.0)
      json (>= 2.3)
      language_server-protocol (~> 3.17.0.2)
      lint_roller (~> 1.1.0)
      parallel (>= 1.10)
      parser (>= 3.3.0.2)
      rainbow (>= 2.2.2, < 4.0)
      regexp_parser (>= 2.9.3, < 3.0)
      rubocop-ast (>= 1.49.0, < 2.0)
      ruby-progressbar (~> 1.7)
      unicode-display_width (>= 2.4.0, < 4.0)
    rubocop-ast (1.50.0)
      parser (>= 3.3.7.2)
      prism (~> 1.7)
    rubocop-i18n (3.3.0)
      lint_roller (~> 1.1)
      rubocop (>= 1.72.1)
    rubocop-minitest (0.40.0)
      lint_roller (~> 1.1)
      rubocop (>= 1.75.0, < 2.0)
      rubocop-ast (>= 1.38.0, < 2.0)
    rubocop-performance (1.27.0)
      lint_roller (~> 1.1)
      rubocop (>= 1.89.0, < 2.0)
      rubocop-ast (>= 1.47.1, < 2.0)
    rubocop-rails (2.37.0)
      activesupport (>= 4.2.0)
      lint_roller (~> 1.1)
      rack (>= 1.1)
      rubocop (>= 1.89.0, < 2.0)
      rubocop-ast (>= 1.44.0, < 2.0)
    rubocop-rails-omakase (1.1.0)
      rubocop (>= 1.72)
      rubocop-performance (>= 1.24)
      rubocop-rails (>= 2.30)
    rubocop-rbs_inline (2.0.0)
      lint_roller (~> 1.1)
      rbs-inline
      rubocop (>= 1.72.1, < 2.0)
    rubocop-sorbet (0.16.0)
      lint_roller
      rbi (~> 0.4)
      rubocop (>= 1.75.2)
      spoom (~> 1.8)
    ruby-lsp (0.27.0.beta5)
      language_server-protocol (~> 3.17.0)
      prism (>= 1.2, < 2.0)
      rbs (>= 3, < 5)
      rubydex (>= 0.4.0, < 0.5.0)
    ruby-lsp-brakeman (0.0.4)
      brakeman (>= 7.0)
      ruby-lsp (~> 0.19)
    ruby-mcp-client (2.1.0)
      base64 (~> 0.2)
      faraday (~> 2.0)
      faraday-follow_redirects (~> 0.3)
      faraday-retry (~> 2.0)
    ruby-progressbar (1.13.0)
    ruby-readability (0.7.3)
      guess_html_encoding (>= 0.0.4)
      nokogiri (>= 1.6.0)
    ruby-vips (2.3.0)
      ffi (~> 1.12)
      logger
    ruby2ruby (2.6.1)
      sexp_processor (~> 4.6)
    ruby_llm (1.16.0)
      base64
      event_stream_parser (~> 1)
      faraday (>= 1.10.0)
      faraday-multipart (>= 1)
      faraday-net_http (>= 1)
      faraday-retry (>= 1)
      marcel (~> 1)
      ruby_llm-schema (~> 0)
      zeitwerk (~> 2)
    ruby_llm-monitoring (0.4.0)
      groupdate
      importmap-rails
      rails (>= 7.2.0)
      ruby_llm (>= 1.16)
      stimulus-rails
      turbo-rails
    ruby_llm-responses_api (0.6.1)
      ruby_llm (>= 1.13)
    ruby_llm-schema (0.4.0)
    ruby_llm-skills (0.3.0)
      ruby_llm (~> 1.12)
    ruby_parser (3.22.0)
      racc (~> 1.5)
      sexp_processor (~> 4.16)
    ruby_ui (1.6.0)
    rubydex (0.4.1-aarch64-linux)
    rubydex (0.4.1-arm64-darwin)
    rubydex (0.4.1-x86_64-linux)
    rubyzip (3.6.0)
    schema_dot_org (2.5.3)
      validated_object (~> 2.3.4)
    securerandom (0.4.1)
    selenium-webdriver (4.48.0)
      base64 (~> 0.2)
      logger (~> 1.4)
      rexml (~> 3.2, >= 3.2.5)
      rubyzip (>= 1.2.2, < 4.0)
      websocket (~> 1.0)
    semantic_logger (5.1.0)
      concurrent-ruby (~> 1.0)
    sentry-rails (7.0.0)
      railties (>= 5.2.0)
      sentry-ruby (~> 7.0.0)
    sentry-ruby (7.0.0)
      bigdecimal
      concurrent-ruby (~> 1.0, >= 1.0.2)
      logger
    sexp_processor (4.17.5)
    simplecov (1.1.1)
    sin_lru_redux (2.5.3)
    sitemap_generator (7.1.1)
      builder (~> 3.0)
    slack-ruby-client (3.2.0)
      faraday (>= 2.0.1)
      faraday-mashify
      faraday-multipart
      gli
      hashie
      logger
    snaky_hash (2.0.7)
      hashie (>= 0.1.0, < 6)
      version_gem (~> 1.1, >= 1.1.14)
    solid_cable (4.0.2)
      actioncable (>= 7.2)
      activejob (>= 7.2)
      activerecord (>= 7.2)
      railties (>= 7.2)
    solid_cache (1.0.10)
      activejob (>= 7.2)
      activerecord (>= 7.2)
      railties (>= 7.2)
    solid_queue (1.7.0)
      activejob (>= 7.1)
      activerecord (>= 7.1)
      concurrent-ruby (>= 1.3.1)
      fugit (~> 1.11)
      railties (>= 7.1)
      thor (>= 1.3.1)
    sorbet (0.6.13471)
      sorbet-static (= 0.6.13471)
    sorbet-runtime (0.6.13471)
    sorbet-static (0.6.13471-aarch64-linux)
    sorbet-static (0.6.13471-universal-darwin)
    sorbet-static (0.6.13471-x86_64-linux)
    sorbet-static-and-runtime (0.6.13471)
      sorbet (= 0.6.13471)
      sorbet-runtime (= 0.6.13471)
    spoom (1.8.7)
      erubi (>= 1.10.0)
      prism (>= 0.28.0)
      rbi (>= 0.4.2)
      rbs (>= 4.0.0.dev.5)
      rexml (>= 3.2.6)
      sorbet-static-and-runtime (>= 0.5.10187)
      thor (>= 0.19.2)
    sqlite3 (2.9.6-aarch64-linux-gnu)
    sqlite3 (2.9.6-arm64-darwin)
    sqlite3 (2.9.6-x86_64-linux-gnu)
    stimulus-rails (1.3.4)
      railties (>= 6.0.0)
    tailwind_merge (1.5.5)
      sin_lru_redux (~> 2.5)
    tailwindcss-rails (4.6.0)
      railties (>= 7.0.0)
      tailwindcss-ruby (~> 4.0)
    tailwindcss-ruby (4.3.3-aarch64-linux-gnu)
    tailwindcss-ruby (4.3.3-arm64-darwin)
    tailwindcss-ruby (4.3.3-x86_64-linux-gnu)
    tapioca (0.19.2)
      benchmark
      bundler (>= 2.2.25)
      netrc (>= 0.11.0)
      parallel (>= 1.21.0)
      rbi (>= 0.3.7)
      require-hooks (>= 0.2.2)
      rubydex (>= 0.1.0.beta10)
      sorbet-static-and-runtime (>= 0.6.12698)
      spoom (>= 1.7.16)
      thor (>= 1.2.0)
      tsort
    terminal-table (4.0.0)
      unicode-display_width (>= 1.1.1, < 4)
    test-prof (1.6.3)
      logger
    thor (1.5.0)
    timeout (0.6.1)
    tsort (0.2.0)
    turbo-rails (2.0.23)
      actionpack (>= 7.1.0)
      railties (>= 7.1.0)
    tzinfo (2.0.6)
      concurrent-ruby (~> 1.0)
    unicode-display_width (3.2.0)
      unicode-emoji (~> 4.1)
    unicode-emoji (4.2.0)
    uri (1.1.1)
    useragent (0.16.11)
    validated_object (2.3.4)
      activemodel (>= 3.2.21)
    vernier (1.11.0)
    version_gem (1.1.15)
    warden (1.2.9)
      rack (>= 2.0.9)
    warden-jwt_auth (0.12.0)
      dry-auto_inject (>= 0.8, < 2)
      dry-configurable (>= 0.13, < 2)
      jwt (>= 2.1, < 4)
      warden (~> 1.2)
    web-console (4.3.0)
      actionview (>= 8.0.0)
      bindex (>= 0.4.0)
      railties (>= 8.0.0)
    web-push (3.1.0)
      jwt (~> 3.0)
      openssl (>= 3.0)
    websocket (1.2.11)
    websocket-driver (0.8.2)
      base64
      websocket-extensions (>= 0.1.0)
    websocket-extensions (0.1.5)
    xpath (3.2.0)
      nokogiri (~> 1.8)
    yaml (0.4.0)
    youtube-transcript-rb (0.2.4)
      faraday (~> 2.0)
      faraday-follow_redirects (~> 0.3)
      nokogiri (~> 1.15)
    yt (0.34.1)
      activesupport
    zeitwerk (2.8.3)

PLATFORMS
  aarch64-linux
  aarch64-linux-gnu
  arm64-darwin-25
  x86_64-linux
  x86_64-linux-gnu

DEPENDENCIES
  acts-as-taggable-on
  amazing_print
  awesome_nested_set
  aws-sdk-s3
  bootsnap
  brakeman
  bundler-audit
  capybara
  climate_control
  debug
  deepl-rb
  devise (~> 5.0)
  devise-i18n
  devise-jwt (~> 0.12)
  discard
  discordrb-webhooks
  dotenv-rails
  dry-operation
  faker
  fedipub!
  flog
  friendly_id
  google-protobuf
  hairtrigger
  honeybadger
  i18n-tasks (~> 1.1.2)
  image_processing (~> 2.0)
  importmap-rails
  inkmark
  jbuilder
  letter_opener
  lexxy (~> 0.9.24)
  madmin (~> 2.4)
  meta-tags
  minitest (~> 6.0)
  minitest-mock
  mission_control-jobs
  neighbor
  newrelic_rpm
  oauth2 (~> 2.0)
  oj
  omniauth-apple
  omniauth-github
  omniauth-google-oauth2
  omniauth-rails_csrf_protection
  opentelemetry-exporter-otlp
  opentelemetry-exporter-otlp-logs
  opentelemetry-instrumentation-aws_sdk
  opentelemetry-instrumentation-concurrent_ruby
  opentelemetry-instrumentation-faraday
  opentelemetry-instrumentation-grpc
  opentelemetry-instrumentation-net_http
  opentelemetry-instrumentation-pg
  opentelemetry-instrumentation-rack
  opentelemetry-instrumentation-rails
  opentelemetry-instrumentation-rake
  opentelemetry-instrumentation-ruby_llm
  opentelemetry-logs-sdk
  opentelemetry-sdk
  ostruct
  pagy (~> 43.6)
  pg (~> 1.6)
  pg_query
  pg_search
  phlex-icons
  phlex-rails (~> 2.4)
  propshaft
  prosopite
  puma (>= 5.0)
  rack-cors
  rails (~> 8.1.3)
  rails-i18n
  rails_semantic_logger
  reactionview (~> 0.4.0)
  resend
  rspec-rails (~> 8.0)
  rss
  rswag-api (~> 2.16)
  rswag-specs (~> 2.16)
  rswag-ui (~> 2.16)
  rubocop
  rubocop-i18n
  rubocop-minitest
  rubocop-rails-omakase
  rubocop-rbs_inline
  rubocop-sorbet
  ruby-lsp (~> 0.27.0.beta5)
  ruby-lsp-brakeman
  ruby-mcp-client (~> 2.0)
  ruby-readability
  ruby-vips (~> 2.0)
  ruby_llm (~> 1.16)
  ruby_llm-monitoring
  ruby_llm-responses_api
  ruby_llm-schema
  ruby_llm-skills
  ruby_ui (~> 1.2)
  schema_dot_org
  selenium-webdriver
  sentry-rails
  sentry-ruby
  simplecov
  sitemap_generator
  slack-ruby-client (~> 3.2.0)
  solid_cable
  solid_cache
  solid_queue
  sorbet
  sorbet-runtime
  sqlite3 (>= 2.1)
  stimulus-rails
  tailwind_merge (~> 1.5)
  tailwindcss-rails (~> 4.5)
  tapioca
  test-prof (~> 1.6)
  turbo-rails
  tzinfo-data
  vernier
  web-console
  web-push (~> 3.1)
  youtube-transcript-rb (~> 0.2.0)
  yt

BUNDLED WITH
  4.0.17
